<?xml version="1.0" encoding="utf-8"?>
<Project ToolsVersion="4.0" xmlns="http://schemas.microsoft.com/developer/msbuild/2003">
  <ItemGroup>
    <Filter Include="Archivos de origen">
      <UniqueIdentifier>{4FC737F1-C7A5-4376-A066-2A32D752A2FF}</UniqueIdentifier>
      <Extensions>cpp;c;cc;cxx;def;odl;idl;hpj;bat;asm;asmx</Extensions>
    </Filter>
    <Filter Include="Archivos de origen\ImGui">
      <UniqueIdentifier>{6af6b9b4-f082-4aaf-9b33-5ae266b18d24}</UniqueIdentifier>
    </Filter>
    <Filter Include="Archivos de origen\MudImporter">
      <UniqueIdentifier>{c7142461-2bdc-43a8-821e-5d16c5867496}</UniqueIdentifier>
    </Filter>
    <Filter Include="Archivos de origen\Algorithms">
      <UniqueIdentifier>{6a8f24dc-26be-466f-a177-c9bdc2723532}</UniqueIdentifier>
    </Filter>
  </ItemGroup>
  <ItemGroup>
    <ClCompile Include="MUDImporter\mud_importer.cpp">
      <Filter>Archivos de origen\MudImporter</Filter>
    </ClCompile>
    <ClCompile Include="MUDImporter\tinyxml2.cpp">
      <Filter>Archivos de origen\MudImporter</Filter>
    </ClCompile>
    <ClCompile Include="ImGui\imgui.cpp">
      <Filter>Archivos de origen\ImGui</Filter>
    </ClCompile>
    <ClCompile Include="ImGui\imgui_demo.cpp">
      <Filter>Archivos de origen\ImGui</Filter>
    </ClCompile>
    <ClCompile Include="ImGui\imgui_draw.cpp">
      <Filter>Archivos de origen\ImGui</Filter>
    </ClCompile>
    <ClCompile Include="ImGui\imgui_impl_glfw.cpp">
      <Filter>Archivos de origen\ImGui</Filter>
    </ClCompile>
    <ClCompile Include="ImGui\imgui_impl_opengl3.cpp">
      <Filter>Archivos de origen\ImGui</Filter>
    </ClCompile>
    <ClCompile Include="ImGui\imgui_widgets.cpp">
      <Filter>Archivos de origen\ImGui</Filter>
    </ClCompile>
    <ClCompile Include="main.cpp">
      <Filter>Archivos de origen</Filter>
    </ClCompile>
    <ClCompile Include="k_tree.cpp">
      <Filter>Archivos de origen\Algorithms</Filter>
    </ClCompile>
  </ItemGroup>
  <ItemGroup>
    <ClInclude Include="MUDImporter\mud_importer.hpp">
      <Filter>Archivos de origen\MudImporter</Filter>
    </ClInclude>
    <ClInclude Include="MUDImporter\tinyxml2.h">
      <Filter>Archivos de origen\MudImporter</Filter>
    </ClInclude>
    <ClInclude Include="ImGui\imconfig.h">
      <Filter>Archivos de origen\ImGui</Filter>
    </ClInclude>
    <ClInclude Include="ImGui\imgui.h">
      <Filter>Archivos de origen\ImGui</Filter>
    </ClInclude>
    <ClInclude Include="ImGui\imgui_impl_glfw.h">
      <Filter>Archivos de origen\ImGui</Filter>
    </ClInclude>
    <ClInclude Include="ImGui\imgui_impl_opengl3.h">
      <Filter>Archivos de origen\ImGui</Filter>
    </ClInclude>
    <ClInclude Include="ImGui\imgui_internal.h">
      <Filter>Archivos de origen\ImGui</Filter>
    </ClInclude>
    <ClInclude Include="ImGui\imstb_rectpack.h">
      <Filter>Archivos de origen\ImGui</Filter>
    </ClInclude>
    <ClInclude Include="ImGui\imstb_textedit.h">
      <Filter>Archivos de origen\ImGui</Filter>
    </ClInclude>
    <ClInclude Include="ImGui\imstb_truetype.h">
      <Filter>Archivos de origen\ImGui</Filter>
    </ClInclude>
    <ClInclude Include="main.h">
      <Filter>Archivos de origen</Filter>
    </ClInclude>
    <ClInclude Include="Model.hpp">
      <Filter>Archivos de origen</Filter>
    </ClInclude>
    <ClInclude Include="stb_image.h">
      <Filter>Archivos de origen</Filter>
    </ClInclude>
    <ClInclude Include="k_tree.hpp">
      <Filter>Archivos de origen\Algorithms</Filter>
    </ClInclude>
    <ClInclude Include="Scene.hpp">
      <Filter>Archivos de origen</Filter>
    </ClInclude>
  </ItemGroup>
  <ItemGroup>
    <None Include="ImGui\imgui.ini">
      <Filter>Archivos de origen\ImGui</Filter>
    </None>
  </ItemGroup>
</Project>